
Microsoft Visual Studio Solution File, Format Version 12.00
# Visual Studio Version 17
VisualStudioVersion = 17.10.35122.118
MinimumVisualStudioVersion = 10.0.40219.1
Project("{FAE04EC0-301F-11D3-BF4B-00C04F79EFBC}") = "16092026", "16092026.csproj", "{AC57720C-4800-4F33-B716-023BC3FE3BB7}"
EndProject
Global
	GlobalSection(SolutionConfigurationPlatforms) = preSolution
		Debug|Any CPU = Debug|Any CPU
		Release|Any CPU = Release|Any CPU
	EndGlobalSection
	GlobalSection(ProjectConfigurationPlatforms) = postSolution
		{AC57720C-4800-4F33-B716-023BC3FE3BB7}.Debug|Any CPU.ActiveCfg = Debug|Any CPU
		{AC57720C-4800-4F33-B716-023BC3FE3BB7}.Debug|Any CPU.Build.0 = Debug|Any CPU
		{AC57720C-4800-4F33-B716-023BC3FE3BB7}.Release|Any CPU.ActiveCfg = Release|Any CPU
		{AC57720C-4800-4F33-B716-023BC3FE3BB7}.Release|Any CPU.Build.0 = Release|Any CPU
	EndGlobalSection
	GlobalSection(SolutionProperties) = preSolution
		HideSolutionNode = FALSE
	EndGlobalSection
	GlobalSection(ExtensibilityGlobals) = postSolution
		SolutionGuid = {52A1E11A-A70C-4A46-832D-F2F680A73443}
	EndGlobalSection
EndGlobal
